// !$*UTF8*$!
{
	archiveVersion = 1;
	classes = {
	};
	objectVersion = 56;
	objects = {

/* Begin PBXBuildFile section */
		C50690ED2C7DAB9A0072DBAB /* ToDoListApp.swift in Sources */ = {isa = PBXBuildFile; fileRef = C50690EC2C7DAB9A0072DBAB /* ToDoListApp.swift */; };
		C50690F12C7DAB9B0072DBAB /* Assets.xcassets in Resources */ = {isa = PBXBuildFile; fileRef = C50690F02C7DAB9B0072DBAB /* Assets.xcassets */; };
		C50690F42C7DAB9B0072DBAB /* Preview Assets.xcassets in Resources */ = {isa = PBXBuildFile; fileRef = C50690F32C7DAB9B0072DBAB /* Preview Assets.xcassets */; };
		C50691052C7DABC70072DBAB /* ToDoViewModel.swift in Sources */ = {isa = PBXBuildFile; fileRef = C50690FA2C7DABC70072DBAB /* ToDoViewModel.swift */; };
		C50691062C7DABC70072DBAB /* README.md in Resources */ = {isa = PBXBuildFile; fileRef = C50690FC2C7DABC70072DBAB /* README.md */; };
		C50691072C7DABC70072DBAB /* ToDoItem.swift in Sources */ = {isa = PBXBuildFile; fileRef = C50690FD2C7DABC70072DBAB /* ToDoItem.swift */; };
		C50691082C7DABC70072DBAB /* CompleteToggle.swift in Sources */ = {isa = PBXBuildFile; fileRef = C50690FF2C7DABC70072DBAB /* CompleteToggle.swift */; };
		C50691092C7DABC70072DBAB /* ContentView.swift in Sources */ = {isa = PBXBuildFile; fileRef = C50691012C7DABC70072DBAB /* ContentView.swift */; };
		C506910B2C7DABC70072DBAB /* ToDoRow.swift in Sources */ = {isa = PBXBuildFile; fileRef = C50691032C7DABC70072DBAB /* ToDoRow.swift */; };
/* End PBXBuildFile section */

/* Begin PBXFileReference section */
		C50690E92C7DAB9A0072DBAB /* ToDoList.app */ = {isa = PBXFileReference; explicitFileType = wrapper.application; includeInIndex = 0; path = ToDoList.app; sourceTree = BUILT_PRODUCTS_DIR; };
		C50690EC2C7DAB9A0072DBAB /* ToDoListApp.swift */ = {isa = PBXFileReference; lastKnownFileType = sourcecode.swift; path = ToDoListApp.swift; sourceTree = "<group>"; };
		C50690F02C7DAB9B0072DBAB /* Assets.xcassets */ = {isa = PBXFileReference; lastKnownFileType = folder.assetcatalog; path = Assets.xcassets; sourceTree = "<group>"; };
		C50690F32C7DAB9B0072DBAB /* Preview Assets.xcassets */ = {isa = PBXFileReference; lastKnownFileType = folder.assetcatalog; path = "Preview Assets.xcassets"; sourceTree = "<group>"; };
		C50690FA2C7DABC70072DBAB /* ToDoViewModel.swift */ = {isa = PBXFileReference; fileEncoding = 4; lastKnownFileType = sourcecode.swift; path = ToDoViewModel.swift; sourceTree = "<group>"; };
		C50690FC2C7DABC70072DBAB /* README.md */ = {isa = PBXFileReference; fileEncoding = 4; lastKnownFileType = net.daringfireball.markdown; path = README.md; sourceTree = SOURCE_ROOT; };
		C50690FD2C7DABC70072DBAB /* ToDoItem.swift */ = {isa = PBXFileReference; fileEncoding = 4; lastKnownFileType = sourcecode.swift; path = ToDoItem.swift; sourceTree = "<group>"; };
		C50690FF2C7DABC70072DBAB /* CompleteToggle.swift */ = {isa = PBXFileReference; fileEncoding = 4; lastKnownFileType = sourcecode.swift; path = CompleteToggle.swift; sourceTree = "<group>"; };
		C50691012C7DABC70072DBAB /* ContentView.swift */ = {isa = PBXFileReference; fileEncoding = 4; lastKnownFileType = sourcecode.swift; path = ContentView.swift; sourceTree = "<group>"; };
		C50691032C7DABC70072DBAB /* ToDoRow.swift */ = {isa = PBXFileReference; fileEncoding = 4; lastKnownFileType = sourcecode.swift; path = ToDoRow.swift; sourceTree = "<group>"; };
		C537A3D12C7DB2AB00791916 /* Info.plist */ = {isa = PBXFileReference; lastKnownFileType = text.plist; path = Info.plist; sourceTree = "<group>"; };
/* End PBXFileReference section */

/* Begin PBXFrameworksBuildPhase section */
		C50690E62C7DAB9A0072DBAB /* Frameworks */ = {
			isa = PBXFrameworksBuildPhase;
			buildActionMask = 2147483647;
			files = (
			);
			runOnlyForDeploymentPostprocessing = 0;
		};
/* End PBXFrameworksBuildPhase section */

/* Begin PBXGroup section */
		C50690E02C7DAB9A0072DBAB = {
			isa = PBXGroup;
			children = (
				C50690EB2C7DAB9A0072DBAB /* ToDoList */,
				C50690EA2C7DAB9A0072DBAB /* Products */,
			);
			sourceTree = "<group>";
		};
		C50690EA2C7DAB9A0072DBAB /* Products */ = {
			isa = PBXGroup;
			children = (
				C50690E92C7DAB9A0072DBAB /* ToDoList.app */,
			);
			name = Products;
			sourceTree = "<group>";
		};
		C50690EB2C7DAB9A0072DBAB /* ToDoList */ = {
			isa = PBXGroup;
			children = (
				C537A3D12C7DB2AB00791916 /* Info.plist */,
				C50690FE2C7DABC70072DBAB /* Model */,
				C50690FC2C7DABC70072DBAB /* README.md */,
				C50691042C7DABC70072DBAB /* View */,
				C50690FB2C7DABC70072DBAB /* ViewModel */,
				C50690EC2C7DAB9A0072DBAB /* ToDoListApp.swift */,
				C50690F02C7DAB9B0072DBAB /* Assets.xcassets */,
				C50690F22C7DAB9B0072DBAB /* Preview Content */,
			);
			path = ToDoList;
			sourceTree = "<group>";
		};
		C50690F22C7DAB9B0072DBAB /* Preview Content */ = {
			isa = PBXGroup;
			children = (
				C50690F32C7DAB9B0072DBAB /* Preview Assets.xcassets */,
			);
			path = "Preview Content";
			sourceTree = "<group>";
		};
		C50690FB2C7DABC70072DBAB /* ViewModel */ = {
			isa = PBXGroup;
			children = (
				C50690FA2C7DABC70072DBAB /* ToDoViewModel.swift */,
			);
			path = ViewModel;
			sourceTree = SOURCE_ROOT;
		};
		C50690FE2C7DABC70072DBAB /* Model */ = {
			isa = PBXGroup;
			children = (
				C50690FD2C7DABC70072DBAB /* ToDoItem.swift */,
			);
			path = Model;
			sourceTree = SOURCE_ROOT;
		};
		C50691002C7DABC70072DBAB /* Helpers */ = {
			isa = PBXGroup;
			children = (
				C50690FF2C7DABC70072DBAB /* CompleteToggle.swift */,
			);
			path = Helpers;
			sourceTree = "<group>";
		};
		C50691042C7DABC70072DBAB /* View */ = {
			isa = PBXGroup;
			children = (
				C50691002C7DABC70072DBAB /* Helpers */,
				C50691012C7DABC70072DBAB /* ContentView.swift */,
				C50691032C7DABC70072DBAB /* ToDoRow.swift */,
			);
			path = View;
			sourceTree = SOURCE_ROOT;
		};
/* End PBXGroup section */

/* Begin PBXNativeTarget section */
		C50690E82C7DAB9A0072DBAB /* ToDoList */ = {
			isa = PBXNativeTarget;
			buildConfigurationList = C50690F72C7DAB9B0072DBAB /* Build configuration list for PBXNativeTarget "ToDoList" */;
			buildPhases = (
				C50690E52C7DAB9A0072DBAB /* Sources */,
				C50690E62C7DAB9A0072DBAB /* Frameworks */,
				C50690E72C7DAB9A0072DBAB /* Resources */,
			);
			buildRules = (
			);
			dependencies = (
			);
			name = ToDoList;
			productName = ToDoList;
			productReference = C50690E92C7DAB9A0072DBAB /* ToDoList.app */;
			productType = "com.apple.product-type.application";
		};
/* End PBXNativeTarget section */

/* Begin PBXProject section */
		C50690E12C7DAB9A0072DBAB /* Project object */ = {
			isa = PBXProject;
			attributes = {
				BuildIndependentTargetsInParallel = 1;
				LastSwiftUpdateCheck = 1540;
				LastUpgradeCheck = 1540;
				TargetAttributes = {
					C50690E82C7DAB9A0072DBAB = {
						CreatedOnToolsVersion = 15.4;
					};
				};
			};
			buildConfigurationList = C50690E42C7DAB9A0072DBAB /* Build configuration list for PBXProject "ToDoList" */;
			compatibilityVersion = "Xcode 14.0";
			developmentRegion = en;
			hasScannedForEncodings = 0;
			knownRegions = (
				en,
				Base,
			);
			mainGroup = C50690E02C7DAB9A0072DBAB;
			productRefGroup = C50690EA2C7DAB9A0072DBAB /* Products */;
			projectDirPath = "";
			projectRoot = "";
			targets = (
				C50690E82C7DAB9A0072DBAB /* ToDoList */,
			);
		};
/* End PBXProject section */

/* Begin PBXResourcesBuildPhase section */
		C50690E72C7DAB9A0072DBAB /* Resources */ = {
			isa = PBXResourcesBuildPhase;
			buildActionMask = 2147483647;
			files = (
				C50691062C7DABC70072DBAB /* README.md in Resources */,
				C50690F42C7DAB9B0072DBAB /* Preview Assets.xcassets in Resources */,
				C50690F12C7DAB9B0072DBAB /* Assets.xcassets in Resources */,
			);
			runOnlyForDeploymentPostprocessing = 0;
		};
/* End PBXResourcesBuildPhase section */

/* Begin PBXSourcesBuildPhase section */
		C50690E52C7DAB9A0072DBAB /* Sources */ = {
			isa = PBXSourcesBuildPhase;
			buildActionMask = 2147483647;
			files = (
				C50691052C7DABC70072DBAB /* ToDoViewModel.swift in Sources */,
				C50691092C7DABC70072DBAB /* ContentView.swift in Sources */,
				C50691082C7DABC70072DBAB /* CompleteToggle.swift in Sources */,
				C50691072C7DABC70072DBAB /* ToDoItem.swift in Sources */,
				C506910B2C7DABC70072DBAB /* ToDoRow.swift in Sources */,
				C50690ED2C7DAB9A0072DBAB /* ToDoListApp.swift in Sources */,
			);
			runOnlyForDeploymentPostprocessing = 0;
		};
/* End PBXSourcesBuildPhase section */

/* Begin XCBuildConfiguration section */
		C50690F52C7DAB9B0072DBAB /* Debug */ = {
			isa = XCBuildConfiguration;
			buildSettings = {
				ALWAYS_SEARCH_USER_PATHS = NO;
				ASSETCATALOG_COMPILER_GENERATE_SWIFT_ASSET_SYMBOL_EXTENSIONS = YES;
				CLANG_ANALYZER_NONNULL = YES;
				CLANG_ANALYZER_NUMBER_OBJECT_CONVERSION = YES_AGGRESSIVE;
				CLANG_CXX_LANGUAGE_STANDARD = "gnu++20";
				CLANG_ENABLE_MODULES = YES;
				CLANG_ENABLE_OBJC_ARC = YES;
				CLANG_ENABLE_OBJC_WEAK = YES;
				CLANG_WARN_BLOCK_CAPTURE_AUTORELEASING = YES;
				CLANG_WARN_BOOL_CONVERSION = YES;
				CLANG_WARN_COMMA = YES;
				CLANG_WARN_CONSTANT_CONVERSION = YES;
				CLANG_WARN_DEPRECATED_OBJC_IMPLEMENTATIONS = YES;
				CLANG_WARN_DIRECT_OBJC_ISA_USAGE = YES_ERROR;
				CLANG_WARN_DOCUMENTATION_COMMENTS = YES;
				CLANG_WARN_EMPTY_BODY = YES;
				CLANG_WARN_ENUM_CONVERSION = YES;
				CLANG_WARN_INFINITE_RECURSION = YES;
				CLANG_WARN_INT_CONVERSION = YES;
				CLANG_WARN_NON_LITERAL_NULL_CONVERSION = YES;
				CLANG_WARN_OBJC_IMPLICIT_RETAIN_SELF = YES;
				CLANG_WARN_OBJC_LITERAL_CONVERSION = YES;
				CLANG_WARN_OBJC_ROOT_CLASS = YES_ERROR;
				CLANG_WARN_QUOTED_INCLUDE_IN_FRAMEWORK_HEADER = YES;
				CLANG_WARN_RANGE_LOOP_ANALYSIS = YES;
				CLANG_WARN_STRICT_PROTOTYPES = YES;
				CLANG_WARN_SUSPICIOUS_MOVE = YES;
				CLANG_WARN_UNGUARDED_AVAILABILITY = YES_AGGRESSIVE;
				CLANG_WARN_UNREACHABLE_CODE = YES;
				CLANG_WARN__DUPLICATE_METHOD_MATCH = YES;
				COPY_PHASE_STRIP = NO;
				DEBUG_INFORMATION_FORMAT = dwarf;
				ENABLE_STRICT_OBJC_MSGSEND = YES;
				ENABLE_TESTABILITY = YES;
				ENABLE_USER_SCRIPT_SANDBOXING = YES;
				GCC_C_LANGUAGE_STANDARD = gnu17;
				GCC_DYNAMIC_NO_PIC = NO;
				GCC_NO_COMMON_BLOCKS = YES;
				GCC_OPTIMIZATION_LEVEL = 0;
				GCC_PREPROCESSOR_DEFINITIONS = (
					"DEBUG=1",
					"$(inherited)",
				);
				GCC_WARN_64_TO_32_BIT_CONVERSION = YES;
				GCC_WARN_ABOUT_RETURN_TYPE = YES_ERROR;
				GCC_WARN_UNDECLARED_SELECTOR = YES;
				GCC_WARN_UNINITIALIZED_AUTOS = YES_AGGRESSIVE;
				GCC_WARN_UNUSED_FUNCTION = YES;
				GCC_WARN_UNUSED_VARIABLE = YES;
				IPHONEOS_DEPLOYMENT_TARGET = 17.5;
				LOCALIZATION_PREFERS_STRING_CATALOGS = YES;
				MTL_ENABLE_DEBUG_INFO = INCLUDE_SOURCE;
				MTL_FAST_MATH = YES;
				ONLY_ACTIVE_ARCH = YES;
				SDKROOT = iphoneos;
				SWIFT_ACTIVE_COMPILATION_CONDITIONS = "DEBUG $(inherited)";
				SWIFT_OPTIMIZATION_LEVEL = "-Onone";
			};
			name = Debug;
		};
		C50690F62C7DAB9B0072DBAB /* Release */ = {
			isa = XCBuildConfiguration;
			buildSettings = {
				ALWAYS_SEARCH_USER_PATHS = NO;
				ASSETCATALOG_COMPILER_GENERATE_SWIFT_ASSET_SYMBOL_EXTENSIONS = YES;
				CLANG_ANALYZER_NONNULL = YES;
				CLANG_ANALYZER_NUMBER_OBJECT_CONVERSION = YES_AGGRESSIVE;
				CLANG_CXX_LANGUAGE_STANDARD = "gnu++20";
				CLANG_ENABLE_MODULES = YES;
				CLANG_ENABLE_OBJC_ARC = YES;
				CLANG_ENABLE_OBJC_WEAK = YES;
				CLANG_WARN_BLOCK_CAPTURE_AUTORELEASING = YES;
				CLANG_WARN_BOOL_CONVERSION = YES;
				CLANG_WARN_COMMA = YES;
				CLANG_WARN_CONSTANT_CONVERSION = YES;
				CLANG_WARN_DEPRECATED_OBJC_IMPLEMENTATIONS = YES;
				CLANG_WARN_DIRECT_OBJC_ISA_USAGE = YES_ERROR;
				CLANG_WARN_DOCUMENTATION_COMMENTS = YES;
				CLANG_WARN_EMPTY_BODY = YES;
				CLANG_WARN_ENUM_CONVERSION = YES;
				CLANG_WARN_INFINITE_RECURSION = YES;
				CLANG_WARN_INT_CONVERSION = YES;
				CLANG_WARN_NON_LITERAL_NULL_CONVERSION = YES;
				CLANG_WARN_OBJC_IMPLICIT_RETAIN_SELF = YES;
				CLANG_WARN_OBJC_LITERAL_CONVERSION = YES;
				CLANG_WARN_OBJC_ROOT_CLASS = YES_ERROR;
				CLANG_WARN_QUOTED_INCLUDE_IN_FRAMEWORK_HEADER = YES;
				CLANG_WARN_RANGE_LOOP_ANALYSIS = YES;
				CLANG_WARN_STRICT_PROTOTYPES = YES;
				CLANG_WARN_SUSPICIOUS_MOVE = YES;
				CLANG_WARN_UNGUARDED_AVAILABILITY = YES_AGGRESSIVE;
				CLANG_WARN_UNREACHABLE_CODE = YES;
				CLANG_WARN__DUPLICATE_METHOD_MATCH = YES;
				COPY_PHASE_STRIP = NO;
				DEBUG_INFORMATION_FORMAT = "dwarf-with-dsym";
				ENABLE_NS_ASSERTIONS = NO;
				ENABLE_STRICT_OBJC_MSGSEND = YES;
				ENABLE_USER_SCRIPT_SANDBOXING = YES;
				GCC_C_LANGUAGE_STANDARD = gnu17;
				GCC_NO_COMMON_BLOCKS = YES;
				GCC_WARN_64_TO_32_BIT_CONVERSION = YES;
				GCC_WARN_ABOUT_RETURN_TYPE = YES_ERROR;
				GCC_WARN_UNDECLARED_SELECTOR = YES;
				GCC_WARN_UNINITIALIZED_AUTOS = YES_AGGRESSIVE;
				GCC_WARN_UNUSED_FUNCTION = YES;
				GCC_WARN_UNUSED_VARIABLE = YES;
				IPHONEOS_DEPLOYMENT_TARGET = 17.5;
				LOCALIZATION_PREFERS_STRING_CATALOGS = YES;
				MTL_ENABLE_DEBUG_INFO = NO;
				MTL_FAST_MATH = YES;
				SDKROOT = iphoneos;
				SWIFT_COMPILATION_MODE = wholemodule;
				VALIDATE_PRODUCT = YES;
			};
			name = Release;
		};
		C50690F82C7DAB9B0072DBAB /* Debug */ = {
			isa = XCBuildConfiguration;
			buildSettings = {
				ASSETCATALOG_COMPILER_APPICON_NAME = AppIcon;
				ASSETCATALOG_COMPILER_GLOBAL_ACCENT_COLOR_NAME = AccentColor;
				CODE_SIGN_STYLE = Automatic;
				CURRENT_PROJECT_VERSION = 1;
				DEVELOPMENT_ASSET_PATHS = "\"ToDoList/Preview Content\"";
				DEVELOPMENT_TEAM = 4YQ66K5T88;
				ENABLE_PREVIEWS = YES;
				GENERATE_INFOPLIST_FILE = YES;
				INFOPLIST_FILE = ToDoList/Info.plist;
				INFOPLIST_KEY_UIApplicationSceneManifest_Generation = YES;
				INFOPLIST_KEY_UIApplicationSupportsIndirectInputEvents = YES;
				INFOPLIST_KEY_UILaunchScreen_Generation = YES;
				INFOPLIST_KEY_UISupportedInterfaceOrientations = UIInterfaceOrientationPortrait;
				INFOPLIST_KEY_UISupportedInterfaceOrientations_iPad = "UIInterfaceOrientationLandscapeLeft UIInterfaceOrientationLandscapeRight UIInterfaceOrientationPortrait UIInterfaceOrientationPortraitUpsideDown";
				IPHONEOS_DEPLOYMENT_TARGET = 17.0;
				LD_RUNPATH_SEARCH_PATHS = (
					"$(inherited)",
					"@executable_path/Frameworks",
				);
				MARKETING_VERSION = 1.0;
				PRODUCT_BUNDLE_IDENTIFIER = au.quang.ToDoList;
				PRODUCT_NAME = "$(TARGET_NAME)";
				SWIFT_EMIT_LOC_STRINGS = YES;
				SWIFT_VERSION = 5.0;
				TARGETED_DEVICE_FAMILY = "1,2";
			};
			name = Debug;
		};
		C50690F92C7DAB9B0072DBAB /* Release */ = {
			isa = XCBuildConfiguration;
			buildSettings = {
				ASSETCATALOG_COMPILER_APPICON_NAME = AppIcon;
				ASSETCATALOG_COMPILER_GLOBAL_ACCENT_COLOR_NAME = AccentColor;
				CODE_SIGN_STYLE = Automatic;
				CURRENT_PROJECT_VERSION = 1;
				DEVELOPMENT_ASSET_PATHS = "\"ToDoList/Preview Content\"";
				DEVELOPMENT_TEAM = 4YQ66K5T88;
				ENABLE_PREVIEWS = YES;
				GENERATE_INFOPLIST_FILE = YES;
				INFOPLIST_FILE = ToDoList/Info.plist;
				INFOPLIST_KEY_UIApplicationSceneManifest_Generation = YES;
				INFOPLIST_KEY_UIApplicationSupportsIndirectInputEvents = YES;
				INFOPLIST_KEY_UILaunchScreen_Generation = YES;
				INFOPLIST_KEY_UISupportedInterfaceOrientations = UIInterfaceOrientationPortrait;
				INFOPLIST_KEY_UISupportedInterfaceOrientations_iPad = "UIInterfaceOrientationLandscapeLeft UIInterfaceOrientationLandscapeRight UIInterfaceOrientationPortrait UIInterfaceOrientationPortraitUpsideDown";
				IPHONEOS_DEPLOYMENT_TARGET = 17.0;
				LD_RUNPATH_SEARCH_PATHS = (
					"$(inherited)",
					"@executable_path/Frameworks",
				);
				MARKETING_VERSION = 1.0;
				PRODUCT_BUNDLE_IDENTIFIER = au.quang.ToDoList;
				PRODUCT_NAME = "$(TARGET_NAME)";
				SWIFT_EMIT_LOC_STRINGS = YES;
				SWIFT_VERSION = 5.0;
				TARGETED_DEVICE_FAMILY = "1,2";
			};
			name = Release;
		};
/* End XCBuildConfiguration section */

/* Begin XCConfigurationList section */
		C50690E42C7DAB9A0072DBAB /* Build configuration list for PBXProject "ToDoList" */ = {
			isa = XCConfigurationList;
			buildConfigurations = (
				C50690F52C7DAB9B0072DBAB /* Debug */,
				C50690F62C7DAB9B0072DBAB /* Release */,
			);
			defaultConfigurationIsVisible = 0;
			defaultConfigurationName = Release;
		};
		C50690F72C7DAB9B0072DBAB /* Build configuration list for PBXNativeTarget "ToDoList" */ = {
			isa = XCConfigurationList;
			buildConfigurations = (
				C50690F82C7DAB9B0072DBAB /* Debug */,
				C50690F92C7DAB9B0072DBAB /* Release */,
			);
			defaultConfigurationIsVisible = 0;
			defaultConfigurationName = Release;
		};
/* End XCConfigurationList section */
	};
	rootObject = C50690E12C7DAB9A0072DBAB /* Project object */;
}
